
Microsoft Visual Studio Solution File, Format Version 12.00
# Visual Studio Version 16
VisualStudioVersion = 16.0.31702.278
MinimumVisualStudioVersion = 10.0.40219.1
Project("{9A19103F-16F7-4668-BE54-9A1E7A4F7556}") = "CustomVisionService", "CustomVisionService\CustomVisionService.csproj", "{B1C4D0FA-D1F4-415E-AEBF-D2033D60306E}"
EndProject
Project("{9A19103F-16F7-4668-BE54-9A1E7A4F7556}") = "WebApplication", "WebApplication\WebApplication.csproj", "{80BAA1D5-1615-477C-997E-C38776A22E2A}"
EndProject
Project("{9A19103F-16F7-4668-BE54-9A1E7A4F7556}") = "DataAccessDapper", "DataAccessDapper\DataAccessDapper.csproj", "{A77E33B4-463B-472A-BACE-BC3931B157FE}"
EndProject
Global
	GlobalSection(SolutionConfigurationPlatforms) = preSolution
		Debug|Any CPU = Debug|Any CPU
		Release|Any CPU = Release|Any CPU
	EndGlobalSection
	GlobalSection(ProjectConfigurationPlatforms) = postSolution
		{B1C4D0FA-D1F4-415E-AEBF-D2033D60306E}.Debug|Any CPU.ActiveCfg = Debug|Any CPU
		{B1C4D0FA-D1F4-415E-AEBF-D2033D60306E}.Debug|Any CPU.Build.0 = Debug|Any CPU
		{B1C4D0FA-D1F4-415E-AEBF-D2033D60306E}.Release|Any CPU.ActiveCfg = Release|Any CPU
		{B1C4D0FA-D1F4-415E-AEBF-D2033D60306E}.Release|Any CPU.Build.0 = Release|Any CPU
		{80BAA1D5-1615-477C-997E-C38776A22E2A}.Debug|Any CPU.ActiveCfg = Debug|Any CPU
		{80BAA1D5-1615-477C-997E-C38776A22E2A}.Debug|Any CPU.Build.0 = Debug|Any CPU
		{80BAA1D5-1615-477C-997E-C38776A22E2A}.Release|Any CPU.ActiveCfg = Release|Any CPU
		{80BAA1D5-1615-477C-997E-C38776A22E2A}.Release|Any CPU.Build.0 = Release|Any CPU
		{A77E33B4-463B-472A-BACE-BC3931B157FE}.Debug|Any CPU.ActiveCfg = Debug|Any CPU
		{A77E33B4-463B-472A-BACE-BC3931B157FE}.Debug|Any CPU.Build.0 = Debug|Any CPU
		{A77E33B4-463B-472A-BACE-BC3931B157FE}.Release|Any CPU.ActiveCfg = Release|Any CPU
		{A77E33B4-463B-472A-BACE-BC3931B157FE}.Release|Any CPU.Build.0 = Release|Any CPU
	EndGlobalSection
	GlobalSection(SolutionProperties) = preSolution
		HideSolutionNode = FALSE
	EndGlobalSection
	GlobalSection(ExtensibilityGlobals) = postSolution
		SolutionGuid = {7F8182B4-2D07-4358-A146-C26944EE1CC0}
	EndGlobalSection
EndGlobal
